
Microsoft Visual Studio Solution File, Format Version 12.00
# Visual Studio Version 17
VisualStudioVersion = 17.7.34009.444
MinimumVisualStudioVersion = 10.0.40219.1
Project("{FAE04EC0-301F-11D3-BF4B-00C04F79EFBC}") = "ScreenSound_v3", "ScreenSound_v3.csproj", "{93F9501A-FFD2-4671-AD39-6DB1BA671FB6}"
EndProject
Global
	GlobalSection(SolutionConfigurationPlatforms) = preSolution
		Debug|Any CPU = Debug|Any CPU
		Release|Any CPU = Release|Any CPU
	EndGlobalSection
	GlobalSection(ProjectConfigurationPlatforms) = postSolution
		{93F9501A-FFD2-4671-AD39-6DB1BA671FB6}.Debug|Any CPU.ActiveCfg = Debug|Any CPU
		{93F9501A-FFD2-4671-AD39-6DB1BA671FB6}.Debug|Any CPU.Build.0 = Debug|Any CPU
		{93F9501A-FFD2-4671-AD39-6DB1BA671FB6}.Release|Any CPU.ActiveCfg = Release|Any CPU
		{93F9501A-FFD2-4671-AD39-6DB1BA671FB6}.Release|Any CPU.Build.0 = Release|Any CPU
	EndGlobalSection
	GlobalSection(SolutionProperties) = preSolution
		HideSolutionNode = FALSE
	EndGlobalSection
	GlobalSection(ExtensibilityGlobals) = postSolution
		SolutionGuid = {997A9AE4-5ED5-433D-82D5-CA9DF0109A48}
	EndGlobalSection
EndGlobal
